
Microsoft Visual Studio Solution File, Format Version 12.00
# Visual Studio Version 17
VisualStudioVersion = 17.14.36301.6
MinimumVisualStudioVersion = 10.0.40219.1
Project("{FAE04EC0-301F-11D3-BF4B-00C04F79EFBC}") = "Exportador.UI", "Exportador\Exportador.UI.csproj", "{0EE38679-F861-4B26-AA53-CA162F1A6469}"
EndProject
Project("{FAE04EC0-301F-11D3-BF4B-00C04F79EFBC}") = "Exportador.Core", "Exportador.Domain\Exportador.Core.csproj", "{EEB9C3E8-2AB2-4FC4-908A-282B20AA2E80}"
EndProject
Project("{FAE04EC0-301F-11D3-BF4B-00C04F79EFBC}") = "Exportador.Application", "Exportador.Application\Exportador.Application.csproj", "{072E8002-B941-4391-956A-64880DEC044D}"
EndProject
Project("{FAE04EC0-301F-11D3-BF4B-00C04F79EFBC}") = "Exportador.Infrastructure", "Exportador.Infrastructure\Exportador.Infrastructure.csproj", "{29572B04-6868-495E-9682-129FE22F411C}"
EndProject
Global
	GlobalSection(SolutionConfigurationPlatforms) = preSolution
		Debug|Any CPU = Debug|Any CPU
		Release|Any CPU = Release|Any CPU
	EndGlobalSection
	GlobalSection(ProjectConfigurationPlatforms) = postSolution
		{0EE38679-F861-4B26-AA53-CA162F1A6469}.Debug|Any CPU.ActiveCfg = Debug|Any CPU
		{0EE38679-F861-4B26-AA53-CA162F1A6469}.Debug|Any CPU.Build.0 = Debug|Any CPU
		{0EE38679-F861-4B26-AA53-CA162F1A6469}.Release|Any CPU.ActiveCfg = Release|Any CPU
		{0EE38679-F861-4B26-AA53-CA162F1A6469}.Release|Any CPU.Build.0 = Release|Any CPU
		{EEB9C3E8-2AB2-4FC4-908A-282B20AA2E80}.Debug|Any CPU.ActiveCfg = Debug|Any CPU
		{EEB9C3E8-2AB2-4FC4-908A-282B20AA2E80}.Debug|Any CPU.Build.0 = Debug|Any CPU
		{EEB9C3E8-2AB2-4FC4-908A-282B20AA2E80}.Release|Any CPU.ActiveCfg = Release|Any CPU
		{EEB9C3E8-2AB2-4FC4-908A-282B20AA2E80}.Release|Any CPU.Build.0 = Release|Any CPU
		{072E8002-B941-4391-956A-64880DEC044D}.Debug|Any CPU.ActiveCfg = Debug|Any CPU
		{072E8002-B941-4391-956A-64880DEC044D}.Debug|Any CPU.Build.0 = Debug|Any CPU
		{072E8002-B941-4391-956A-64880DEC044D}.Release|Any CPU.ActiveCfg = Release|Any CPU
		{072E8002-B941-4391-956A-64880DEC044D}.Release|Any CPU.Build.0 = Release|Any CPU
		{29572B04-6868-495E-9682-129FE22F411C}.Debug|Any CPU.ActiveCfg = Debug|Any CPU
		{29572B04-6868-495E-9682-129FE22F411C}.Debug|Any CPU.Build.0 = Debug|Any CPU
		{29572B04-6868-495E-9682-129FE22F411C}.Release|Any CPU.ActiveCfg = Release|Any CPU
		{29572B04-6868-495E-9682-129FE22F411C}.Release|Any CPU.Build.0 = Release|Any CPU
	EndGlobalSection
	GlobalSection(SolutionProperties) = preSolution
		HideSolutionNode = FALSE
	EndGlobalSection
	GlobalSection(ExtensibilityGlobals) = postSolution
		SolutionGuid = {019AC729-5C4E-4F27-8E97-34D49EE88671}
	EndGlobalSection
EndGlobal
